
Microsoft Visual Studio Solution File, Format Version 12.00
# Visual Studio 14
VisualStudioVersion = 14.0.25420.1
MinimumVisualStudioVersion = 10.0.40219.1
Project("{2150E333-8FDC-42A3-9474-1A3956D46DE8}") = "src", "src", "{E458DE6D-8DBD-4213-A185-F739B446DA0D}"
EndProject
Project("{2150E333-8FDC-42A3-9474-1A3956D46DE8}") = "Solution Items", "Solution Items", "{4F2B5F1E-0E17-42D2-B753-A805FD1D484C}"
	ProjectSection(SolutionItems) = preProject
		global.json = global.json
	EndProjectSection
EndProject
Project("{8BB2217D-0F2D-49D1-97BC-3654ED321F3B}") = "Codex.API.MTG", "src\Codex.API.MTG\Codex.API.MTG.xproj", "{C5C66D2F-69EB-4DCD-9FBC-133B6DFCAA75}"
EndProject
Project("{8BB2217D-0F2D-49D1-97BC-3654ED321F3B}") = "Test", "src\Test\Test.xproj", "{8EB50135-BD58-4CF9-A4CE-96027D67A354}"
EndProject
Global
	GlobalSection(SolutionConfigurationPlatforms) = preSolution
		Debug|Any CPU = Debug|Any CPU
		Release|Any CPU = Release|Any CPU
	EndGlobalSection
	GlobalSection(ProjectConfigurationPlatforms) = postSolution
		{C5C66D2F-69EB-4DCD-9FBC-133B6DFCAA75}.Debug|Any CPU.ActiveCfg = Debug|Any CPU
		{C5C66D2F-69EB-4DCD-9FBC-133B6DFCAA75}.Debug|Any CPU.Build.0 = Debug|Any CPU
		{C5C66D2F-69EB-4DCD-9FBC-133B6DFCAA75}.Release|Any CPU.ActiveCfg = Release|Any CPU
		{C5C66D2F-69EB-4DCD-9FBC-133B6DFCAA75}.Release|Any CPU.Build.0 = Release|Any CPU
		{8EB50135-BD58-4CF9-A4CE-96027D67A354}.Debug|Any CPU.ActiveCfg = Debug|Any CPU
		{8EB50135-BD58-4CF9-A4CE-96027D67A354}.Debug|Any CPU.Build.0 = Debug|Any CPU
		{8EB50135-BD58-4CF9-A4CE-96027D67A354}.Release|Any CPU.ActiveCfg = Release|Any CPU
		{8EB50135-BD58-4CF9-A4CE-96027D67A354}.Release|Any CPU.Build.0 = Release|Any CPU
	EndGlobalSection
	GlobalSection(SolutionProperties) = preSolution
		HideSolutionNode = FALSE
	EndGlobalSection
	GlobalSection(NestedProjects) = preSolution
		{C5C66D2F-69EB-4DCD-9FBC-133B6DFCAA75} = {E458DE6D-8DBD-4213-A185-F739B446DA0D}
		{8EB50135-BD58-4CF9-A4CE-96027D67A354} = {E458DE6D-8DBD-4213-A185-F739B446DA0D}
	EndGlobalSection
EndGlobal
